
Microsoft Visual Studio Solution File, Format Version 12.00
# Visual Studio 15
VisualStudioVersion = 15.0.27703.2026
MinimumVisualStudioVersion = 10.0.40219.1
Project("{FAE04EC0-301F-11D3-BF4B-00C04F79EFBC}") = "Linq1", "Linq1\Linq1.csproj", "{2A432B05-0115-4A03-9129-0F831AFFCFD5}"
EndProject
Project("{FAE04EC0-301F-11D3-BF4B-00C04F79EFBC}") = "Linq2", "..\Linq2\Linq2.csproj", "{725E55FE-0FB2-4919-869D-1A4FE6905B16}"
EndProject
Project("{FAE04EC0-301F-11D3-BF4B-00C04F79EFBC}") = "Linq3", "Linq3\Linq3.csproj", "{983D4084-9390-4C47-8FB8-0A655CFBEC9B}"
EndProject
Global
	GlobalSection(SolutionConfigurationPlatforms) = preSolution
		Debug|Any CPU = Debug|Any CPU
		Release|Any CPU = Release|Any CPU
	EndGlobalSection
	GlobalSection(ProjectConfigurationPlatforms) = postSolution
		{2A432B05-0115-4A03-9129-0F831AFFCFD5}.Debug|Any CPU.ActiveCfg = Debug|Any CPU
		{2A432B05-0115-4A03-9129-0F831AFFCFD5}.Debug|Any CPU.Build.0 = Debug|Any CPU
		{2A432B05-0115-4A03-9129-0F831AFFCFD5}.Release|Any CPU.ActiveCfg = Release|Any CPU
		{2A432B05-0115-4A03-9129-0F831AFFCFD5}.Release|Any CPU.Build.0 = Release|Any CPU
		{725E55FE-0FB2-4919-869D-1A4FE6905B16}.Debug|Any CPU.ActiveCfg = Debug|Any CPU
		{725E55FE-0FB2-4919-869D-1A4FE6905B16}.Debug|Any CPU.Build.0 = Debug|Any CPU
		{725E55FE-0FB2-4919-869D-1A4FE6905B16}.Release|Any CPU.ActiveCfg = Release|Any CPU
		{725E55FE-0FB2-4919-869D-1A4FE6905B16}.Release|Any CPU.Build.0 = Release|Any CPU
		{983D4084-9390-4C47-8FB8-0A655CFBEC9B}.Debug|Any CPU.ActiveCfg = Debug|Any CPU
		{983D4084-9390-4C47-8FB8-0A655CFBEC9B}.Debug|Any CPU.Build.0 = Debug|Any CPU
		{983D4084-9390-4C47-8FB8-0A655CFBEC9B}.Release|Any CPU.ActiveCfg = Release|Any CPU
		{983D4084-9390-4C47-8FB8-0A655CFBEC9B}.Release|Any CPU.Build.0 = Release|Any CPU
	EndGlobalSection
	GlobalSection(SolutionProperties) = preSolution
		HideSolutionNode = FALSE
	EndGlobalSection
	GlobalSection(ExtensibilityGlobals) = postSolution
		SolutionGuid = {46FBFC70-E651-4A2B-8FA1-87F6FA0E2F8A}
	EndGlobalSection
EndGlobal
